
Microsoft Visual Studio Solution File, Format Version 12.00
# Visual Studio Version 17
VisualStudioVersion = 17.4.33213.308
MinimumVisualStudioVersion = 10.0.40219.1
Project("{8BC9CEB8-8B4A-11D0-8D11-00A0C91BC942}") = "HelloCLang20230209", "HelloCLang20230209\HelloCLang20230209.vcxproj", "{5AC75CFD-A345-420B-80DF-B0D2E3CF7478}"
EndProject
Global
	GlobalSection(SolutionConfigurationPlatforms) = preSolution
		Debug|x64 = Debug|x64
		Debug|x86 = Debug|x86
		Release|x64 = Release|x64
		Release|x86 = Release|x86
	EndGlobalSection
	GlobalSection(ProjectConfigurationPlatforms) = postSolution
		{5AC75CFD-A345-420B-80DF-B0D2E3CF7478}.Debug|x64.ActiveCfg = Debug|x64
		{5AC75CFD-A345-420B-80DF-B0D2E3CF7478}.Debug|x64.Build.0 = Debug|x64
		{5AC75CFD-A345-420B-80DF-B0D2E3CF7478}.Debug|x86.ActiveCfg = Debug|Win32
		{5AC75CFD-A345-420B-80DF-B0D2E3CF7478}.Debug|x86.Build.0 = Debug|Win32
		{5AC75CFD-A345-420B-80DF-B0D2E3CF7478}.Release|x64.ActiveCfg = Release|x64
		{5AC75CFD-A345-420B-80DF-B0D2E3CF7478}.Release|x64.Build.0 = Release|x64
		{5AC75CFD-A345-420B-80DF-B0D2E3CF7478}.Release|x86.ActiveCfg = Release|Win32
		{5AC75CFD-A345-420B-80DF-B0D2E3CF7478}.Release|x86.Build.0 = Release|Win32
	EndGlobalSection
	GlobalSection(SolutionProperties) = preSolution
		HideSolutionNode = FALSE
	EndGlobalSection
	GlobalSection(ExtensibilityGlobals) = postSolution
		SolutionGuid = {7401CC78-94D4-4D4D-BDD0-D6BA8418BD25}
	EndGlobalSection
EndGlobal
